
Microsoft Visual Studio Solution File, Format Version 12.00
# Visual Studio Version 18
VisualStudioVersion = 18.2.11408.102 d18.0
MinimumVisualStudioVersion = 10.0.40219.1
Project("{FAE04EC0-301F-11D3-BF4B-00C04F79EFBC}") = "Tarea_prograV", "Tarea_prograV\Tarea_prograV.csproj", "{71671C63-3A2B-4EBB-BC87-6B231E278FD1}"
EndProject
Project("{FAE04EC0-301F-11D3-BF4B-00C04F79EFBC}") = "Interfaz", "Interfaz\Interfaz.csproj", "{9D90FE04-03F9-487F-97E9-6C1D4AD20D4A}"
EndProject
Global
	GlobalSection(SolutionConfigurationPlatforms) = preSolution
		Debug|Any CPU = Debug|Any CPU
		Release|Any CPU = Release|Any CPU
	EndGlobalSection
	GlobalSection(ProjectConfigurationPlatforms) = postSolution
		{71671C63-3A2B-4EBB-BC87-6B231E278FD1}.Debug|Any CPU.ActiveCfg = Debug|Any CPU
		{71671C63-3A2B-4EBB-BC87-6B231E278FD1}.Debug|Any CPU.Build.0 = Debug|Any CPU
		{71671C63-3A2B-4EBB-BC87-6B231E278FD1}.Release|Any CPU.ActiveCfg = Release|Any CPU
		{71671C63-3A2B-4EBB-BC87-6B231E278FD1}.Release|Any CPU.Build.0 = Release|Any CPU
		{9D90FE04-03F9-487F-97E9-6C1D4AD20D4A}.Debug|Any CPU.ActiveCfg = Debug|Any CPU
		{9D90FE04-03F9-487F-97E9-6C1D4AD20D4A}.Debug|Any CPU.Build.0 = Debug|Any CPU
		{9D90FE04-03F9-487F-97E9-6C1D4AD20D4A}.Release|Any CPU.ActiveCfg = Release|Any CPU
		{9D90FE04-03F9-487F-97E9-6C1D4AD20D4A}.Release|Any CPU.Build.0 = Release|Any CPU
	EndGlobalSection
	GlobalSection(SolutionProperties) = preSolution
		HideSolutionNode = FALSE
	EndGlobalSection
	GlobalSection(ExtensibilityGlobals) = postSolution
		SolutionGuid = {0F00FAF8-81D5-4D78-AB41-284C0F6303EB}
	EndGlobalSection
EndGlobal
